
Microsoft Visual Studio Solution File, Format Version 12.00
# Visual Studio Version 16
VisualStudioVersion = 16.0.30523.141
MinimumVisualStudioVersion = 10.0.40219.1
Project("{8BC9CEB8-8B4A-11D0-8D11-00A0C91BC942}") = "laba10.1", "laba10.1.vcxproj", "{605B42D8-E245-4B48-9316-6923172863B7}"
EndProject
Global
	GlobalSection(SolutionConfigurationPlatforms) = preSolution
		Debug|x64 = Debug|x64
		Debug|x86 = Debug|x86
		Release|x64 = Release|x64
		Release|x86 = Release|x86
	EndGlobalSection
	GlobalSection(ProjectConfigurationPlatforms) = postSolution
		{605B42D8-E245-4B48-9316-6923172863B7}.Debug|x64.ActiveCfg = Debug|x64
		{605B42D8-E245-4B48-9316-6923172863B7}.Debug|x64.Build.0 = Debug|x64
		{605B42D8-E245-4B48-9316-6923172863B7}.Debug|x86.ActiveCfg = Debug|Win32
		{605B42D8-E245-4B48-9316-6923172863B7}.Debug|x86.Build.0 = Debug|Win32
		{605B42D8-E245-4B48-9316-6923172863B7}.Release|x64.ActiveCfg = Release|x64
		{605B42D8-E245-4B48-9316-6923172863B7}.Release|x64.Build.0 = Release|x64
		{605B42D8-E245-4B48-9316-6923172863B7}.Release|x86.ActiveCfg = Release|Win32
		{605B42D8-E245-4B48-9316-6923172863B7}.Release|x86.Build.0 = Release|Win32
	EndGlobalSection
	GlobalSection(SolutionProperties) = preSolution
		HideSolutionNode = FALSE
	EndGlobalSection
	GlobalSection(ExtensibilityGlobals) = postSolution
		SolutionGuid = {ADEFE5A5-9DDF-4F71-A2D7-F43FA658D5B3}
	EndGlobalSection
EndGlobal
